
Microsoft Visual Studio Solution File, Format Version 12.00
# Visual Studio Version 16
VisualStudioVersion = 16.0.31702.278
MinimumVisualStudioVersion = 10.0.40219.1
Project("{FAE04EC0-301F-11D3-BF4B-00C04F79EFBC}") = "DIContainerLib", "DIContainerLib\DIContainerLib.csproj", "{03B34A0D-F866-4B68-8EBA-55868033A33E}"
EndProject
Project("{FAE04EC0-301F-11D3-BF4B-00C04F79EFBC}") = "Tests", "Tests\Tests.csproj", "{CD3EAA08-F411-4D5A-867A-52835B402C8F}"
EndProject
Global
	GlobalSection(SolutionConfigurationPlatforms) = preSolution
		Debug|Any CPU = Debug|Any CPU
		Release|Any CPU = Release|Any CPU
	EndGlobalSection
	GlobalSection(ProjectConfigurationPlatforms) = postSolution
		{03B34A0D-F866-4B68-8EBA-55868033A33E}.Debug|Any CPU.ActiveCfg = Debug|Any CPU
		{03B34A0D-F866-4B68-8EBA-55868033A33E}.Debug|Any CPU.Build.0 = Debug|Any CPU
		{03B34A0D-F866-4B68-8EBA-55868033A33E}.Release|Any CPU.ActiveCfg = Release|Any CPU
		{03B34A0D-F866-4B68-8EBA-55868033A33E}.Release|Any CPU.Build.0 = Release|Any CPU
		{CD3EAA08-F411-4D5A-867A-52835B402C8F}.Debug|Any CPU.ActiveCfg = Debug|Any CPU
		{CD3EAA08-F411-4D5A-867A-52835B402C8F}.Debug|Any CPU.Build.0 = Debug|Any CPU
		{CD3EAA08-F411-4D5A-867A-52835B402C8F}.Release|Any CPU.ActiveCfg = Release|Any CPU
		{CD3EAA08-F411-4D5A-867A-52835B402C8F}.Release|Any CPU.Build.0 = Release|Any CPU
	EndGlobalSection
	GlobalSection(SolutionProperties) = preSolution
		HideSolutionNode = FALSE
	EndGlobalSection
	GlobalSection(ExtensibilityGlobals) = postSolution
		SolutionGuid = {6497928B-3231-48F3-8197-ACAC0C48E806}
	EndGlobalSection
EndGlobal
